
Microsoft Visual Studio Solution File, Format Version 12.00
# Visual Studio Version 16
VisualStudioVersion = 16.0.30413.136
MinimumVisualStudioVersion = 10.0.40219.1
Project("{FAE04EC0-301F-11D3-BF4B-00C04F79EFBC}") = "AverageUnitsShipped", "AverageUnitsShipped\AverageUnitsShipped.csproj", "{3717ABC5-D038-4998-9017-725899280418}"
EndProject
Global
	GlobalSection(SolutionConfigurationPlatforms) = preSolution
		Debug|Any CPU = Debug|Any CPU
		Release|Any CPU = Release|Any CPU
	EndGlobalSection
	GlobalSection(ProjectConfigurationPlatforms) = postSolution
		{3717ABC5-D038-4998-9017-725899280418}.Debug|Any CPU.ActiveCfg = Debug|Any CPU
		{3717ABC5-D038-4998-9017-725899280418}.Debug|Any CPU.Build.0 = Debug|Any CPU
		{3717ABC5-D038-4998-9017-725899280418}.Release|Any CPU.ActiveCfg = Release|Any CPU
		{3717ABC5-D038-4998-9017-725899280418}.Release|Any CPU.Build.0 = Release|Any CPU
	EndGlobalSection
	GlobalSection(SolutionProperties) = preSolution
		HideSolutionNode = FALSE
	EndGlobalSection
	GlobalSection(ExtensibilityGlobals) = postSolution
		SolutionGuid = {CEC7CF94-9B3F-4757-ACCA-43E3C11C957C}
	EndGlobalSection
EndGlobal
